{
    "_meta": {
        "hash": {
            "sha256": "0140f8eafbe0cd37ca6f975123504e1906b2e2150f2627d50fecdacafd98d1b5"
        },
        "pipfile-spec": 6,
        "requires": {},
        "sources": [
            {
                "name": "pypi",
                "url": "https://pypi.org/simple",
                "verify_ssl": true
            }
        ]
    },
    "default": {
        "dnslib": {
            "hashes": [
                "sha256:666bf55274a630a2925411c4ea9ca724529299bbe70f91979ad99c72c5e5099e"
            ],
            "index": "pypi",
            "version": "==0.9.10"
        },
        "ipy": {
            "hashes": [
                "sha256:2f2bf658a858d43868d8a4352b3889cf78c66e2ce678b300dcf518c9149ba621"
            ],
            "index": "pypi",
            "version": "==1.0"
        }
    },
    "develop": {}
}
