{
    "_meta": {
        "hash": {
            "sha256": "94c22af0f0b8b36d88ea6dde717287014aeea377217798e5ad2a8cc8894fba40"
        },
        "pipfile-spec": 6,
        "requires": {},
        "sources": [
            {
                "name": "pypi",
                "url": "https://pypi.org/simple",
                "verify_ssl": true
            }
        ]
    },
    "default": {
        "dnslib": {
            "hashes": [
                "sha256:74a0ef6758c2a8b14d129fd38eb669879249ffc2ba0115e0e3716a856cb87372"
            ],
            "index": "pypi",
            "version": "==0.9.17"
        }
    },
    "develop": {}
}
